
Microsoft Visual Studio Solution File, Format Version 12.00
# Visual Studio Version 17
VisualStudioVersion = 17.5.2.0
MinimumVisualStudioVersion = 10.0.40219.1
Project("{FAE04EC0-301F-11D3-BF4B-00C04F79EFBC}") = "GnsSharp.Gns.Posix64", "GnsSharp\Gns.Posix64\GnsSharp.Gns.Posix64.csproj", "{08844AAC-6F2D-3635-28A8-919CF2376579}"
EndProject
Project("{FAE04EC0-301F-11D3-BF4B-00C04F79EFBC}") = "GnsSharp.Gns.Posix32", "GnsSharp\Gns.Posix32\GnsSharp.Gns.Posix32.csproj", "{59969F08-D75F-D7E9-A3F8-A7D4D8678800}"
EndProject
Project("{FAE04EC0-301F-11D3-BF4B-00C04F79EFBC}") = "GnsSharp.Gns.Win64", "GnsSharp\Gns.Win64\GnsSharp.Gns.Win64.csproj", "{A89CD825-6E68-4901-9524-E6169FB08EF9}"
EndProject
Project("{FAE04EC0-301F-11D3-BF4B-00C04F79EFBC}") = "GnsSharp.Gns.Win32", "GnsSharp\Gns.Win32\GnsSharp.Gns.Win32.csproj", "{88C86049-0E80-45FA-A063-7729AE37F339}"
EndProject
Project("{FAE04EC0-301F-11D3-BF4B-00C04F79EFBC}") = "GnsSharp.Steamworks.Posix64", "GnsSharp\Steamworks.Posix64\GnsSharp.Steamworks.Posix64.csproj", "{7360A4F3-7560-7B52-2E9A-1826EBE2A32E}"
EndProject
Project("{FAE04EC0-301F-11D3-BF4B-00C04F79EFBC}") = "GnsSharp.Steamworks.Posix32", "GnsSharp\Steamworks.Posix32\GnsSharp.Steamworks.Posix32.csproj", "{B534C41C-BD1B-4C93-B40B-D68A03ED5234}"
EndProject
Project("{FAE04EC0-301F-11D3-BF4B-00C04F79EFBC}") = "GnsSharp.Steamworks.Win64", "GnsSharp\Steamworks.Win64\GnsSharp.Steamworks.Win64.csproj", "{E149B1F6-D8E6-4F8D-9F47-6618D060CBE2}"
EndProject
Project("{FAE04EC0-301F-11D3-BF4B-00C04F79EFBC}") = "GnsSharp.Steamworks.Win32", "GnsSharp\Steamworks.Win32\GnsSharp.Steamworks.Win32.csproj", "{F035CD8A-F92E-43EA-9955-60E1D6E5AF94}"
EndProject
Global
	GlobalSection(SolutionConfigurationPlatforms) = preSolution
		Debug|Any CPU = Debug|Any CPU
		Release|Any CPU = Release|Any CPU
	EndGlobalSection
	GlobalSection(ProjectConfigurationPlatforms) = postSolution
		{59969F08-D75F-D7E9-A3F8-A7D4D8678800}.Debug|Any CPU.ActiveCfg = Debug|Any CPU
		{59969F08-D75F-D7E9-A3F8-A7D4D8678800}.Debug|Any CPU.Build.0 = Debug|Any CPU
		{59969F08-D75F-D7E9-A3F8-A7D4D8678800}.Release|Any CPU.ActiveCfg = Release|Any CPU
		{59969F08-D75F-D7E9-A3F8-A7D4D8678800}.Release|Any CPU.Build.0 = Release|Any CPU
		{88C86049-0E80-45FA-A063-7729AE37F339}.Debug|Any CPU.ActiveCfg = Debug|Any CPU
		{88C86049-0E80-45FA-A063-7729AE37F339}.Debug|Any CPU.Build.0 = Debug|Any CPU
		{88C86049-0E80-45FA-A063-7729AE37F339}.Release|Any CPU.ActiveCfg = Release|Any CPU
		{88C86049-0E80-45FA-A063-7729AE37F339}.Release|Any CPU.Build.0 = Release|Any CPU
		{A89CD825-6E68-4901-9524-E6169FB08EF9}.Debug|Any CPU.ActiveCfg = Debug|Any CPU
		{A89CD825-6E68-4901-9524-E6169FB08EF9}.Debug|Any CPU.Build.0 = Debug|Any CPU
		{A89CD825-6E68-4901-9524-E6169FB08EF9}.Release|Any CPU.ActiveCfg = Release|Any CPU
		{A89CD825-6E68-4901-9524-E6169FB08EF9}.Release|Any CPU.Build.0 = Release|Any CPU
		{B534C41C-BD1B-4C93-B40B-D68A03ED5234}.Debug|Any CPU.ActiveCfg = Debug|Any CPU
		{B534C41C-BD1B-4C93-B40B-D68A03ED5234}.Debug|Any CPU.Build.0 = Debug|Any CPU
		{B534C41C-BD1B-4C93-B40B-D68A03ED5234}.Release|Any CPU.ActiveCfg = Release|Any CPU
		{B534C41C-BD1B-4C93-B40B-D68A03ED5234}.Release|Any CPU.Build.0 = Release|Any CPU
		{E149B1F6-D8E6-4F8D-9F47-6618D060CBE2}.Debug|Any CPU.ActiveCfg = Debug|Any CPU
		{E149B1F6-D8E6-4F8D-9F47-6618D060CBE2}.Debug|Any CPU.Build.0 = Debug|Any CPU
		{E149B1F6-D8E6-4F8D-9F47-6618D060CBE2}.Release|Any CPU.ActiveCfg = Release|Any CPU
		{E149B1F6-D8E6-4F8D-9F47-6618D060CBE2}.Release|Any CPU.Build.0 = Release|Any CPU
		{F035CD8A-F92E-43EA-9955-60E1D6E5AF94}.Debug|Any CPU.ActiveCfg = Debug|Any CPU
		{F035CD8A-F92E-43EA-9955-60E1D6E5AF94}.Debug|Any CPU.Build.0 = Debug|Any CPU
		{F035CD8A-F92E-43EA-9955-60E1D6E5AF94}.Release|Any CPU.ActiveCfg = Release|Any CPU
		{F035CD8A-F92E-43EA-9955-60E1D6E5AF94}.Release|Any CPU.Build.0 = Release|Any CPU
		{08844AAC-6F2D-3635-28A8-919CF2376579}.Debug|Any CPU.ActiveCfg = Debug|Any CPU
		{08844AAC-6F2D-3635-28A8-919CF2376579}.Debug|Any CPU.Build.0 = Debug|Any CPU
		{08844AAC-6F2D-3635-28A8-919CF2376579}.Release|Any CPU.ActiveCfg = Release|Any CPU
		{08844AAC-6F2D-3635-28A8-919CF2376579}.Release|Any CPU.Build.0 = Release|Any CPU
		{7360A4F3-7560-7B52-2E9A-1826EBE2A32E}.Debug|Any CPU.ActiveCfg = Debug|Any CPU
		{7360A4F3-7560-7B52-2E9A-1826EBE2A32E}.Debug|Any CPU.Build.0 = Debug|Any CPU
		{7360A4F3-7560-7B52-2E9A-1826EBE2A32E}.Release|Any CPU.ActiveCfg = Release|Any CPU
		{7360A4F3-7560-7B52-2E9A-1826EBE2A32E}.Release|Any CPU.Build.0 = Release|Any CPU
	EndGlobalSection
	GlobalSection(SolutionProperties) = preSolution
		HideSolutionNode = FALSE
	EndGlobalSection
	GlobalSection(ExtensibilityGlobals) = postSolution
		SolutionGuid = {B34B9B30-E2BB-4D26-8585-008C4DC86B6C}
	EndGlobalSection
EndGlobal
