
Microsoft Visual Studio Solution File, Format Version 12.00
# Visual Studio Version 17
VisualStudioVersion = 17.5.2.0
MinimumVisualStudioVersion = 10.0.40219.1
Project("{FAE04EC0-301F-11D3-BF4B-00C04F79EFBC}") = "GnsSharp", "GnsSharp.csproj", "{59969F08-D75F-D7E9-A3F8-A7D4D8678800}"
EndProject
Global
	GlobalSection(SolutionConfigurationPlatforms) = preSolution
		Linux-GNS|Any CPU = Linux-GNS|Any CPU
		Linux-GNS|x64 = Linux-GNS|x64
		Linux-GNS|x86 = Linux-GNS|x86
		Linux-Steamworks|Any CPU = Linux-Steamworks|Any CPU
		Linux-Steamworks|x64 = Linux-Steamworks|x64
		Linux-Steamworks|x86 = Linux-Steamworks|x86
		macOS-GNS|Any CPU = macOS-GNS|Any CPU
		macOS-GNS|x64 = macOS-GNS|x64
		macOS-GNS|x86 = macOS-GNS|x86
		macOS-Steamworks|Any CPU = macOS-Steamworks|Any CPU
		macOS-Steamworks|x64 = macOS-Steamworks|x64
		macOS-Steamworks|x86 = macOS-Steamworks|x86
		Windows-GNS|Any CPU = Windows-GNS|Any CPU
		Windows-GNS|x64 = Windows-GNS|x64
		Windows-GNS|x86 = Windows-GNS|x86
		Windows-Steamworks|Any CPU = Windows-Steamworks|Any CPU
		Windows-Steamworks|x64 = Windows-Steamworks|x64
		Windows-Steamworks|x86 = Windows-Steamworks|x86
	EndGlobalSection
	GlobalSection(ProjectConfigurationPlatforms) = postSolution
		{59969F08-D75F-D7E9-A3F8-A7D4D8678800}.Linux-GNS|Any CPU.ActiveCfg = Linux-GNS|Any CPU
		{59969F08-D75F-D7E9-A3F8-A7D4D8678800}.Linux-GNS|Any CPU.Build.0 = Linux-GNS|Any CPU
		{59969F08-D75F-D7E9-A3F8-A7D4D8678800}.Linux-GNS|x64.ActiveCfg = Linux-GNS|x64
		{59969F08-D75F-D7E9-A3F8-A7D4D8678800}.Linux-GNS|x64.Build.0 = Linux-GNS|x64
		{59969F08-D75F-D7E9-A3F8-A7D4D8678800}.Linux-GNS|x86.ActiveCfg = Linux-GNS|x86
		{59969F08-D75F-D7E9-A3F8-A7D4D8678800}.Linux-GNS|x86.Build.0 = Linux-GNS|x86
		{59969F08-D75F-D7E9-A3F8-A7D4D8678800}.Linux-Steamworks|Any CPU.ActiveCfg = Linux-Steamworks|Any CPU
		{59969F08-D75F-D7E9-A3F8-A7D4D8678800}.Linux-Steamworks|Any CPU.Build.0 = Linux-Steamworks|Any CPU
		{59969F08-D75F-D7E9-A3F8-A7D4D8678800}.Linux-Steamworks|x64.ActiveCfg = Linux-Steamworks|x64
		{59969F08-D75F-D7E9-A3F8-A7D4D8678800}.Linux-Steamworks|x64.Build.0 = Linux-Steamworks|x64
		{59969F08-D75F-D7E9-A3F8-A7D4D8678800}.Linux-Steamworks|x86.ActiveCfg = Linux-Steamworks|x86
		{59969F08-D75F-D7E9-A3F8-A7D4D8678800}.Linux-Steamworks|x86.Build.0 = Linux-Steamworks|x86
		{59969F08-D75F-D7E9-A3F8-A7D4D8678800}.macOS-GNS|Any CPU.ActiveCfg = macOS-GNS|Any CPU
		{59969F08-D75F-D7E9-A3F8-A7D4D8678800}.macOS-GNS|x64.ActiveCfg = macOS-GNS|x64
		{59969F08-D75F-D7E9-A3F8-A7D4D8678800}.macOS-GNS|x86.ActiveCfg = macOS-GNS|x86
		{59969F08-D75F-D7E9-A3F8-A7D4D8678800}.macOS-Steamworks|Any CPU.ActiveCfg = macOS-Steamworks|Any CPU
		{59969F08-D75F-D7E9-A3F8-A7D4D8678800}.macOS-Steamworks|x64.ActiveCfg = macOS-Steamworks|x64
		{59969F08-D75F-D7E9-A3F8-A7D4D8678800}.macOS-Steamworks|x86.ActiveCfg = macOS-Steamworks|x86
		{59969F08-D75F-D7E9-A3F8-A7D4D8678800}.Windows-GNS|Any CPU.ActiveCfg = Windows-GNS|Any CPU
		{59969F08-D75F-D7E9-A3F8-A7D4D8678800}.Windows-GNS|Any CPU.Build.0 = Windows-GNS|Any CPU
		{59969F08-D75F-D7E9-A3F8-A7D4D8678800}.Windows-GNS|x64.ActiveCfg = Windows-GNS|x64
		{59969F08-D75F-D7E9-A3F8-A7D4D8678800}.Windows-GNS|x64.Build.0 = Windows-GNS|x64
		{59969F08-D75F-D7E9-A3F8-A7D4D8678800}.Windows-GNS|x86.ActiveCfg = Windows-GNS|x86
		{59969F08-D75F-D7E9-A3F8-A7D4D8678800}.Windows-GNS|x86.Build.0 = Windows-GNS|x86
		{59969F08-D75F-D7E9-A3F8-A7D4D8678800}.Windows-Steamworks|Any CPU.ActiveCfg = Windows-Steamworks|Any CPU
		{59969F08-D75F-D7E9-A3F8-A7D4D8678800}.Windows-Steamworks|Any CPU.Build.0 = Windows-Steamworks|Any CPU
		{59969F08-D75F-D7E9-A3F8-A7D4D8678800}.Windows-Steamworks|x64.ActiveCfg = Windows-Steamworks|x64
		{59969F08-D75F-D7E9-A3F8-A7D4D8678800}.Windows-Steamworks|x64.Build.0 = Windows-Steamworks|x64
		{59969F08-D75F-D7E9-A3F8-A7D4D8678800}.Windows-Steamworks|x86.ActiveCfg = Windows-Steamworks|x86
		{59969F08-D75F-D7E9-A3F8-A7D4D8678800}.Windows-Steamworks|x86.Build.0 = Windows-Steamworks|x86
	EndGlobalSection
	GlobalSection(SolutionProperties) = preSolution
		HideSolutionNode = FALSE
	EndGlobalSection
	GlobalSection(ExtensibilityGlobals) = postSolution
		SolutionGuid = {B34B9B30-E2BB-4D26-8585-008C4DC86B6C}
	EndGlobalSection
EndGlobal
